
Microsoft Visual Studio Solution File, Format Version 12.00
# Visual Studio 15
VisualStudioVersion = 15.0.28307.705
MinimumVisualStudioVersion = 10.0.40219.1
Project("{9A19103F-16F7-4668-BE54-9A1E7A4F7556}") = "PropertyPortfolio", "PropertyPortfolio\PropertyPortfolio.csproj", "{FDA3A22C-3663-4BA6-9819-8AE449ADD51D}"
EndProject
Global
	GlobalSection(SolutionConfigurationPlatforms) = preSolution
		Debug|Any CPU = Debug|Any CPU
		Release|Any CPU = Release|Any CPU
	EndGlobalSection
	GlobalSection(ProjectConfigurationPlatforms) = postSolution
		{FDA3A22C-3663-4BA6-9819-8AE449ADD51D}.Debug|Any CPU.ActiveCfg = Debug|Any CPU
		{FDA3A22C-3663-4BA6-9819-8AE449ADD51D}.Debug|Any CPU.Build.0 = Debug|Any CPU
		{FDA3A22C-3663-4BA6-9819-8AE449ADD51D}.Release|Any CPU.ActiveCfg = Release|Any CPU
		{FDA3A22C-3663-4BA6-9819-8AE449ADD51D}.Release|Any CPU.Build.0 = Release|Any CPU
	EndGlobalSection
	GlobalSection(SolutionProperties) = preSolution
		HideSolutionNode = FALSE
	EndGlobalSection
	GlobalSection(ExtensibilityGlobals) = postSolution
		SolutionGuid = {F6DBBAAF-D9C3-48A5-8CF4-C73A5265B4A1}
	EndGlobalSection
EndGlobal
